
Microsoft Visual Studio Solution File, Format Version 12.00
# Visual Studio Version 17
VisualStudioVersion = 17.0.31903.59
MinimumVisualStudioVersion = 10.0.40219.1
Project("{FAE04EC0-301F-11D3-BF4B-00C04F79EFBC}") = "day1", "day1\day1.csproj", "{2A4B3A3F-532B-496E-A9F7-FA1B84835D33}"
EndProject
Project("{FAE04EC0-301F-11D3-BF4B-00C04F79EFBC}") = "day2", "day2\day2.csproj", "{0765295F-A2DF-4EED-96B4-0FCCDD7D20AF}"
EndProject
Project("{FAE04EC0-301F-11D3-BF4B-00C04F79EFBC}") = "common", "common\common.csproj", "{2230B192-A8B0-4205-8562-08593EDF051E}"
EndProject
Project("{FAE04EC0-301F-11D3-BF4B-00C04F79EFBC}") = "day3", "day3\day3.csproj", "{04A13BCB-E5C7-4FDA-9806-BF7185CCC2EC}"
EndProject
Project("{FAE04EC0-301F-11D3-BF4B-00C04F79EFBC}") = "day4", "day4\day4.csproj", "{6DB9959B-47C5-4117-8FA3-0A9D9715C5F1}"
EndProject
Project("{FAE04EC0-301F-11D3-BF4B-00C04F79EFBC}") = "day5", "day5\day5.csproj", "{1B6E26ED-A30C-4A20-AA8B-4D96F5819AE9}"
EndProject
Global
	GlobalSection(SolutionConfigurationPlatforms) = preSolution
		Debug|Any CPU = Debug|Any CPU
		Release|Any CPU = Release|Any CPU
	EndGlobalSection
	GlobalSection(SolutionProperties) = preSolution
		HideSolutionNode = FALSE
	EndGlobalSection
	GlobalSection(ProjectConfigurationPlatforms) = postSolution
		{2A4B3A3F-532B-496E-A9F7-FA1B84835D33}.Debug|Any CPU.ActiveCfg = Debug|Any CPU
		{2A4B3A3F-532B-496E-A9F7-FA1B84835D33}.Debug|Any CPU.Build.0 = Debug|Any CPU
		{2A4B3A3F-532B-496E-A9F7-FA1B84835D33}.Release|Any CPU.ActiveCfg = Release|Any CPU
		{2A4B3A3F-532B-496E-A9F7-FA1B84835D33}.Release|Any CPU.Build.0 = Release|Any CPU
		{0765295F-A2DF-4EED-96B4-0FCCDD7D20AF}.Debug|Any CPU.ActiveCfg = Debug|Any CPU
		{0765295F-A2DF-4EED-96B4-0FCCDD7D20AF}.Debug|Any CPU.Build.0 = Debug|Any CPU
		{0765295F-A2DF-4EED-96B4-0FCCDD7D20AF}.Release|Any CPU.ActiveCfg = Release|Any CPU
		{0765295F-A2DF-4EED-96B4-0FCCDD7D20AF}.Release|Any CPU.Build.0 = Release|Any CPU
		{2230B192-A8B0-4205-8562-08593EDF051E}.Debug|Any CPU.ActiveCfg = Debug|Any CPU
		{2230B192-A8B0-4205-8562-08593EDF051E}.Debug|Any CPU.Build.0 = Debug|Any CPU
		{2230B192-A8B0-4205-8562-08593EDF051E}.Release|Any CPU.ActiveCfg = Release|Any CPU
		{2230B192-A8B0-4205-8562-08593EDF051E}.Release|Any CPU.Build.0 = Release|Any CPU
		{04A13BCB-E5C7-4FDA-9806-BF7185CCC2EC}.Debug|Any CPU.ActiveCfg = Debug|Any CPU
		{04A13BCB-E5C7-4FDA-9806-BF7185CCC2EC}.Debug|Any CPU.Build.0 = Debug|Any CPU
		{04A13BCB-E5C7-4FDA-9806-BF7185CCC2EC}.Release|Any CPU.ActiveCfg = Release|Any CPU
		{04A13BCB-E5C7-4FDA-9806-BF7185CCC2EC}.Release|Any CPU.Build.0 = Release|Any CPU
		{6DB9959B-47C5-4117-8FA3-0A9D9715C5F1}.Debug|Any CPU.ActiveCfg = Debug|Any CPU
		{6DB9959B-47C5-4117-8FA3-0A9D9715C5F1}.Debug|Any CPU.Build.0 = Debug|Any CPU
		{6DB9959B-47C5-4117-8FA3-0A9D9715C5F1}.Release|Any CPU.ActiveCfg = Release|Any CPU
		{6DB9959B-47C5-4117-8FA3-0A9D9715C5F1}.Release|Any CPU.Build.0 = Release|Any CPU
		{1B6E26ED-A30C-4A20-AA8B-4D96F5819AE9}.Debug|Any CPU.ActiveCfg = Debug|Any CPU
		{1B6E26ED-A30C-4A20-AA8B-4D96F5819AE9}.Debug|Any CPU.Build.0 = Debug|Any CPU
		{1B6E26ED-A30C-4A20-AA8B-4D96F5819AE9}.Release|Any CPU.ActiveCfg = Release|Any CPU
		{1B6E26ED-A30C-4A20-AA8B-4D96F5819AE9}.Release|Any CPU.Build.0 = Release|Any CPU
	EndGlobalSection
EndGlobal
